
Microsoft Visual Studio Solution File, Format Version 12.00
# Visual Studio Version 17
VisualStudioVersion = 17.4.33110.190
MinimumVisualStudioVersion = 10.0.40219.1
Project("{FAE04EC0-301F-11D3-BF4B-00C04F79EFBC}") = "ConsoleApp2", "ConsoleApp2\ConsoleApp2.csproj", "{3AFAC9BF-EBDA-4354-AFA3-6E124F833038}"
EndProject
Global
	GlobalSection(SolutionConfigurationPlatforms) = preSolution
		Debug|Any CPU = Debug|Any CPU
		Release|Any CPU = Release|Any CPU
	EndGlobalSection
	GlobalSection(ProjectConfigurationPlatforms) = postSolution
		{3AFAC9BF-EBDA-4354-AFA3-6E124F833038}.Debug|Any CPU.ActiveCfg = Debug|Any CPU
		{3AFAC9BF-EBDA-4354-AFA3-6E124F833038}.Debug|Any CPU.Build.0 = Debug|Any CPU
		{3AFAC9BF-EBDA-4354-AFA3-6E124F833038}.Release|Any CPU.ActiveCfg = Release|Any CPU
		{3AFAC9BF-EBDA-4354-AFA3-6E124F833038}.Release|Any CPU.Build.0 = Release|Any CPU
	EndGlobalSection
	GlobalSection(SolutionProperties) = preSolution
		HideSolutionNode = FALSE
	EndGlobalSection
	GlobalSection(ExtensibilityGlobals) = postSolution
		SolutionGuid = {528F3478-29C6-413A-BE2C-5E56E137D669}
	EndGlobalSection
EndGlobal
